
Microsoft Visual Studio Solution File, Format Version 12.00
# Visual Studio Version 17
VisualStudioVersion = 17.1.32421.90
MinimumVisualStudioVersion = 10.0.40219.1
Project("{FAE04EC0-301F-11D3-BF4B-00C04F79EFBC}") = "SearchBar", "SearchBar.csproj", "{B3F6D9DC-9BE3-4D90-BB4B-7DD35DA96723}"
EndProject
Global
	GlobalSection(SolutionConfigurationPlatforms) = preSolution
		Debug|Any CPU = Debug|Any CPU
		Release|Any CPU = Release|Any CPU
	EndGlobalSection
	GlobalSection(ProjectConfigurationPlatforms) = postSolution
		{B3F6D9DC-9BE3-4D90-BB4B-7DD35DA96723}.Debug|Any CPU.ActiveCfg = Debug|Any CPU
		{B3F6D9DC-9BE3-4D90-BB4B-7DD35DA96723}.Debug|Any CPU.Build.0 = Debug|Any CPU
		{B3F6D9DC-9BE3-4D90-BB4B-7DD35DA96723}.Release|Any CPU.ActiveCfg = Release|Any CPU
		{B3F6D9DC-9BE3-4D90-BB4B-7DD35DA96723}.Release|Any CPU.Build.0 = Release|Any CPU
	EndGlobalSection
	GlobalSection(SolutionProperties) = preSolution
		HideSolutionNode = FALSE
	EndGlobalSection
	GlobalSection(ExtensibilityGlobals) = postSolution
		SolutionGuid = {7BABA8CD-9810-43D9-A9BC-04A605490608}
	EndGlobalSection
EndGlobal
