
Microsoft Visual Studio Solution File, Format Version 12.00
Project("{FAE04EC0-301F-11D3-BF4B-00C04F79EFBC}") = "Test_Magic", "Test_Magic.csproj", "{3DB98E6F-C380-4DB2-B005-D4201E23BB9E}"
EndProject
Project("{FAE04EC0-301F-11D3-BF4B-00C04F79EFBC}") = "Magic", "D:\Github\Elsa\Elsa in C#\Magic\Magic.csproj", "{3C36754D-7B23-44E4-93FD-CD9C76F9B0C2}"
EndProject
Global
	GlobalSection(SolutionConfigurationPlatforms) = preSolution
		Debug|Any CPU = Debug|Any CPU
		Release|Any CPU = Release|Any CPU
	EndGlobalSection
	GlobalSection(ProjectConfigurationPlatforms) = postSolution
		{3DB98E6F-C380-4DB2-B005-D4201E23BB9E}.Debug|Any CPU.ActiveCfg = Debug|Any CPU
		{3DB98E6F-C380-4DB2-B005-D4201E23BB9E}.Debug|Any CPU.Build.0 = Debug|Any CPU
		{3DB98E6F-C380-4DB2-B005-D4201E23BB9E}.Release|Any CPU.ActiveCfg = Release|Any CPU
		{3DB98E6F-C380-4DB2-B005-D4201E23BB9E}.Release|Any CPU.Build.0 = Release|Any CPU
		{3C36754D-7B23-44E4-93FD-CD9C76F9B0C2}.Debug|Any CPU.ActiveCfg = Debug|Any CPU
		{3C36754D-7B23-44E4-93FD-CD9C76F9B0C2}.Debug|Any CPU.Build.0 = Debug|Any CPU
		{3C36754D-7B23-44E4-93FD-CD9C76F9B0C2}.Release|Any CPU.ActiveCfg = Release|Any CPU
		{3C36754D-7B23-44E4-93FD-CD9C76F9B0C2}.Release|Any CPU.Build.0 = Release|Any CPU
	EndGlobalSection
EndGlobal
