
Microsoft Visual Studio Solution File, Format Version 12.00
# Blend for Visual Studio Version 17
VisualStudioVersion = 17.1.32421.90
MinimumVisualStudioVersion = 10.0.40219.1
Project("{FAE04EC0-301F-11D3-BF4B-00C04F79EFBC}") = "LoginGUITest2", "LoginGUITest2.csproj", "{6809D0D9-4E68-4997-B184-7868366E162C}"
EndProject
Global
	GlobalSection(SolutionConfigurationPlatforms) = preSolution
		Debug|Any CPU = Debug|Any CPU
		Release|Any CPU = Release|Any CPU
	EndGlobalSection
	GlobalSection(ProjectConfigurationPlatforms) = postSolution
		{6809D0D9-4E68-4997-B184-7868366E162C}.Debug|Any CPU.ActiveCfg = Debug|Any CPU
		{6809D0D9-4E68-4997-B184-7868366E162C}.Debug|Any CPU.Build.0 = Debug|Any CPU
		{6809D0D9-4E68-4997-B184-7868366E162C}.Release|Any CPU.ActiveCfg = Release|Any CPU
		{6809D0D9-4E68-4997-B184-7868366E162C}.Release|Any CPU.Build.0 = Release|Any CPU
	EndGlobalSection
	GlobalSection(SolutionProperties) = preSolution
		HideSolutionNode = FALSE
	EndGlobalSection
	GlobalSection(ExtensibilityGlobals) = postSolution
		SolutionGuid = {46B53E37-C32B-454F-BAC0-2BA090AEA1F1}
	EndGlobalSection
EndGlobal
