
Microsoft Visual Studio Solution File, Format Version 12.00
Project("{FAE04EC0-301F-11D3-BF4B-00C04F79EFBC}") = "testTheme", "testTheme\testTheme.csproj", "{5100A71D-917D-4306-BC53-5D35C86C9813}"
EndProject
Project("{FAE04EC0-301F-11D3-BF4B-00C04F79EFBC}") = "Theme", "D:\Github\Elsa\Elsa in C#\Theme\Theme.csproj", "{5F23AB9F-0A50-46C5-AC72-6E98352083F5}"
EndProject
Global
	GlobalSection(SolutionConfigurationPlatforms) = preSolution
		Debug|Any CPU = Debug|Any CPU
		Release|Any CPU = Release|Any CPU
	EndGlobalSection
	GlobalSection(ProjectConfigurationPlatforms) = postSolution
		{5100A71D-917D-4306-BC53-5D35C86C9813}.Debug|Any CPU.ActiveCfg = Debug|Any CPU
		{5100A71D-917D-4306-BC53-5D35C86C9813}.Debug|Any CPU.Build.0 = Debug|Any CPU
		{5100A71D-917D-4306-BC53-5D35C86C9813}.Release|Any CPU.ActiveCfg = Release|Any CPU
		{5100A71D-917D-4306-BC53-5D35C86C9813}.Release|Any CPU.Build.0 = Release|Any CPU
		{5F23AB9F-0A50-46C5-AC72-6E98352083F5}.Debug|Any CPU.ActiveCfg = Debug|Any CPU
		{5F23AB9F-0A50-46C5-AC72-6E98352083F5}.Debug|Any CPU.Build.0 = Debug|Any CPU
		{5F23AB9F-0A50-46C5-AC72-6E98352083F5}.Release|Any CPU.ActiveCfg = Release|Any CPU
		{5F23AB9F-0A50-46C5-AC72-6E98352083F5}.Release|Any CPU.Build.0 = Release|Any CPU
	EndGlobalSection
EndGlobal
