
Microsoft Visual Studio Solution File, Format Version 12.00
# Visual Studio Version 17
VisualStudioVersion = 17.1.32421.90
MinimumVisualStudioVersion = 10.0.40219.1
Project("{FAE04EC0-301F-11D3-BF4B-00C04F79EFBC}") = "Theme", "Theme.csproj", "{EF636541-7423-41BD-9118-A88B662FC4E5}"
EndProject
Global
	GlobalSection(SolutionConfigurationPlatforms) = preSolution
		Debug|Any CPU = Debug|Any CPU
		Release|Any CPU = Release|Any CPU
	EndGlobalSection
	GlobalSection(ProjectConfigurationPlatforms) = postSolution
		{EF636541-7423-41BD-9118-A88B662FC4E5}.Debug|Any CPU.ActiveCfg = Debug|Any CPU
		{EF636541-7423-41BD-9118-A88B662FC4E5}.Debug|Any CPU.Build.0 = Debug|Any CPU
		{EF636541-7423-41BD-9118-A88B662FC4E5}.Release|Any CPU.ActiveCfg = Release|Any CPU
		{EF636541-7423-41BD-9118-A88B662FC4E5}.Release|Any CPU.Build.0 = Release|Any CPU
	EndGlobalSection
	GlobalSection(SolutionProperties) = preSolution
		HideSolutionNode = FALSE
	EndGlobalSection
	GlobalSection(ExtensibilityGlobals) = postSolution
		SolutionGuid = {C5902320-6AB7-41F5-A39D-86E63A0E4D99}
	EndGlobalSection
EndGlobal
